// !$*UTF8*$!
{
	archiveVersion = 1;
	classes = {
	};
	objectVersion = 46;
	objects = {

/* Begin PBXBuildFile section */
		1F1EC0B91339F983007B5A96 /* UIKit.framework in Frameworks */ = {isa = PBXBuildFile; fileRef = 1F1EC0B81339F983007B5A96 /* UIKit.framework */; };
		1F1EC0BB1339F983007B5A96 /* Foundation.framework in Frameworks */ = {isa = PBXBuildFile; fileRef = 1F1EC0BA1339F983007B5A96 /* Foundation.framework */; };
		1F1EC0BD1339F983007B5A96 /* CoreGraphics.framework in Frameworks */ = {isa = PBXBuildFile; fileRef = 1F1EC0BC1339F983007B5A96 /* CoreGraphics.framework */; };
		1F1EC0C31339F983007B5A96 /* InfoPlist.strings in Resources */ = {isa = PBXBuildFile; fileRef = 1F1EC0C11339F983007B5A96 /* InfoPlist.strings */; };
		1F1EC0C61339F983007B5A96 /* main.m in Sources */ = {isa = PBXBuildFile; fileRef = 1F1EC0C51339F983007B5A96 /* main.m */; };
		1F1EC0C91339F983007B5A96 /* iPhoneTestAppAppDelegate.m in Sources */ = {isa = PBXBuildFile; fileRef = 1F1EC0C81339F983007B5A96 /* iPhoneTestAppAppDelegate.m */; };
		1F1EC0CC1339F983007B5A96 /* MainWindow.xib in Resources */ = {isa = PBXBuildFile; fileRef = 1F1EC0CA1339F983007B5A96 /* MainWindow.xib */; };
		1F1EC0D31339F983007B5A96 /* UIKit.framework in Frameworks */ = {isa = PBXBuildFile; fileRef = 1F1EC0B81339F983007B5A96 /* UIKit.framework */; };
		1F1EC0D41339F983007B5A96 /* Foundation.framework in Frameworks */ = {isa = PBXBuildFile; fileRef = 1F1EC0BA1339F983007B5A96 /* Foundation.framework */; };
		1F1EC0D51339F983007B5A96 /* CoreGraphics.framework in Frameworks */ = {isa = PBXBuildFile; fileRef = 1F1EC0BC1339F983007B5A96 /* CoreGraphics.framework */; };
		1F1EC0DD1339F983007B5A96 /* InfoPlist.strings in Resources */ = {isa = PBXBuildFile; fileRef = 1F1EC0DB1339F983007B5A96 /* InfoPlist.strings */; };
		1F1EC0E01339F983007B5A96 /* iPhoneTestAppTests.h in Resources */ = {isa = PBXBuildFile; fileRef = 1F1EC0DF1339F983007B5A96 /* iPhoneTestAppTests.h */; };
		1F1EC0E21339F983007B5A96 /* iPhoneTestAppTests.m in Sources */ = {isa = PBXBuildFile; fileRef = 1F1EC0E11339F983007B5A96 /* iPhoneTestAppTests.m */; };
/* End PBXBuildFile section */

/* Begin PBXContainerItemProxy section */
		1F1EC0D61339F983007B5A96 /* PBXContainerItemProxy */ = {
			isa = PBXContainerItemProxy;
			containerPortal = 1F1EC0AB1339F982007B5A96 /* Project object */;
			proxyType = 1;
			remoteGlobalIDString = 1F1EC0B31339F983007B5A96;
			remoteInfo = iPhoneTestApp;
		};
/* End PBXContainerItemProxy section */

/* Begin PBXFileReference section */
		1F1EC0B41339F983007B5A96 /* iPhoneTestApp.app */ = {isa = PBXFileReference; explicitFileType = wrapper.application; includeInIndex = 0; path = iPhoneTestApp.app; sourceTree = BUILT_PRODUCTS_DIR; };
		1F1EC0B81339F983007B5A96 /* UIKit.framework */ = {isa = PBXFileReference; lastKnownFileType = wrapper.framework; name = UIKit.framework; path = System/Library/Frameworks/UIKit.framework; sourceTree = SDKROOT; };
		1F1EC0BA1339F983007B5A96 /* Foundation.framework */ = {isa = PBXFileReference; lastKnownFileType = wrapper.framework; name = Foundation.framework; path = System/Library/Frameworks/Foundation.framework; sourceTree = SDKROOT; };
		1F1EC0BC1339F983007B5A96 /* CoreGraphics.framework */ = {isa = PBXFileReference; lastKnownFileType = wrapper.framework; name = CoreGraphics.framework; path = System/Library/Frameworks/CoreGraphics.framework; sourceTree = SDKROOT; };
		1F1EC0C01339F983007B5A96 /* iPhoneTestApp-Info.plist */ = {isa = PBXFileReference; lastKnownFileType = text.plist.xml; path = "iPhoneTestApp-Info.plist"; sourceTree = "<group>"; };
		1F1EC0C21339F983007B5A96 /* en */ = {isa = PBXFileReference; lastKnownFileType = text.plist.strings; name = en; path = en.lproj/InfoPlist.strings; sourceTree = "<group>"; };
		1F1EC0C41339F983007B5A96 /* iPhoneTestApp-Prefix.pch */ = {isa = PBXFileReference; lastKnownFileType = sourcecode.c.h; path = "iPhoneTestApp-Prefix.pch"; sourceTree = "<group>"; };
		1F1EC0C51339F983007B5A96 /* main.m */ = {isa = PBXFileReference; lastKnownFileType = sourcecode.c.objc; path = main.m; sourceTree = "<group>"; };
		1F1EC0C71339F983007B5A96 /* iPhoneTestAppAppDelegate.h */ = {isa = PBXFileReference; lastKnownFileType = sourcecode.c.h; path = iPhoneTestAppAppDelegate.h; sourceTree = "<group>"; };
		1F1EC0C81339F983007B5A96 /* iPhoneTestAppAppDelegate.m */ = {isa = PBXFileReference; lastKnownFileType = sourcecode.c.objc; path = iPhoneTestAppAppDelegate.m; sourceTree = "<group>"; };
		1F1EC0CB1339F983007B5A96 /* en */ = {isa = PBXFileReference; lastKnownFileType = file.xib; name = en; path = en.lproj/MainWindow.xib; sourceTree = "<group>"; };
		1F1EC0D21339F983007B5A96 /* iPhoneTestAppTests.octest */ = {isa = PBXFileReference; explicitFileType = wrapper.cfbundle; includeInIndex = 0; path = iPhoneTestAppTests.octest; sourceTree = BUILT_PRODUCTS_DIR; };
		1F1EC0DA1339F983007B5A96 /* iPhoneTestAppTests-Info.plist */ = {isa = PBXFileReference; lastKnownFileType = text.plist.xml; path = "iPhoneTestAppTests-Info.plist"; sourceTree = "<group>"; };
		1F1EC0DC1339F983007B5A96 /* en */ = {isa = PBXFileReference; lastKnownFileType = text.plist.strings; name = en; path = en.lproj/InfoPlist.strings; sourceTree = "<group>"; };
		1F1EC0DE1339F983007B5A96 /* iPhoneTestAppTests-Prefix.pch */ = {isa = PBXFileReference; lastKnownFileType = sourcecode.c.h; path = "iPhoneTestAppTests-Prefix.pch"; sourceTree = "<group>"; };
		1F1EC0DF1339F983007B5A96 /* iPhoneTestAppTests.h */ = {isa = PBXFileReference; lastKnownFileType = sourcecode.c.h; path = iPhoneTestAppTests.h; sourceTree = "<group>"; };
		1F1EC0E11339F983007B5A96 /* iPhoneTestAppTests.m */ = {isa = PBXFileReference; lastKnownFileType = sourcecode.c.objc; path = iPhoneTestAppTests.m; sourceTree = "<group>"; };
/* End PBXFileReference section */

/* Begin PBXFrameworksBuildPhase section */
		1F1EC0B11339F983007B5A96 /* Frameworks */ = {
			isa = PBXFrameworksBuildPhase;
			buildActionMask = 2147483647;
			files = (
				1F1EC0B91339F983007B5A96 /* UIKit.framework in Frameworks */,
				1F1EC0BB1339F983007B5A96 /* Foundation.framework in Frameworks */,
				1F1EC0BD1339F983007B5A96 /* CoreGraphics.framework in Frameworks */,
			);
			runOnlyForDeploymentPostprocessing = 0;
		};
		1F1EC0CE1339F983007B5A96 /* Frameworks */ = {
			isa = PBXFrameworksBuildPhase;
			buildActionMask = 2147483647;
			files = (
				1F1EC0D31339F983007B5A96 /* UIKit.framework in Frameworks */,
				1F1EC0D41339F983007B5A96 /* Foundation.framework in Frameworks */,
				1F1EC0D51339F983007B5A96 /* CoreGraphics.framework in Frameworks */,
			);
			runOnlyForDeploymentPostprocessing = 0;
		};
/* End PBXFrameworksBuildPhase section */

/* Begin PBXGroup section */
		1F1EC0A91339F982007B5A96 = {
			isa = PBXGroup;
			children = (
				1F1EC0BE1339F983007B5A96 /* iPhoneTestApp */,
				1F1EC0D81339F983007B5A96 /* iPhoneTestAppTests */,
				1F1EC0B71339F983007B5A96 /* Frameworks */,
				1F1EC0B51339F983007B5A96 /* Products */,
			);
			sourceTree = "<group>";
		};
		1F1EC0B51339F983007B5A96 /* Products */ = {
			isa = PBXGroup;
			children = (
				1F1EC0B41339F983007B5A96 /* iPhoneTestApp.app */,
				1F1EC0D21339F983007B5A96 /* iPhoneTestAppTests.octest */,
			);
			name = Products;
			sourceTree = "<group>";
		};
		1F1EC0B71339F983007B5A96 /* Frameworks */ = {
			isa = PBXGroup;
			children = (
				1F1EC0B81339F983007B5A96 /* UIKit.framework */,
				1F1EC0BA1339F983007B5A96 /* Foundation.framework */,
				1F1EC0BC1339F983007B5A96 /* CoreGraphics.framework */,
			);
			name = Frameworks;
			sourceTree = "<group>";
		};
		1F1EC0BE1339F983007B5A96 /* iPhoneTestApp */ = {
			isa = PBXGroup;
			children = (
				1F1EC0C71339F983007B5A96 /* iPhoneTestAppAppDelegate.h */,
				1F1EC0C81339F983007B5A96 /* iPhoneTestAppAppDelegate.m */,
				1F1EC0CA1339F983007B5A96 /* MainWindow.xib */,
				1F1EC0BF1339F983007B5A96 /* Supporting Files */,
			);
			path = iPhoneTestApp;
			sourceTree = "<group>";
		};
		1F1EC0BF1339F983007B5A96 /* Supporting Files */ = {
			isa = PBXGroup;
			children = (
				1F1EC0C01339F983007B5A96 /* iPhoneTestApp-Info.plist */,
				1F1EC0C11339F983007B5A96 /* InfoPlist.strings */,
				1F1EC0C41339F983007B5A96 /* iPhoneTestApp-Prefix.pch */,
				1F1EC0C51339F983007B5A96 /* main.m */,
			);
			name = "Supporting Files";
			sourceTree = "<group>";
		};
		1F1EC0D81339F983007B5A96 /* iPhoneTestAppTests */ = {
			isa = PBXGroup;
			children = (
				1F1EC0DF1339F983007B5A96 /* iPhoneTestAppTests.h */,
				1F1EC0E11339F983007B5A96 /* iPhoneTestAppTests.m */,
				1F1EC0D91339F983007B5A96 /* Supporting Files */,
			);
			path = iPhoneTestAppTests;
			sourceTree = "<group>";
		};
		1F1EC0D91339F983007B5A96 /* Supporting Files */ = {
			isa = PBXGroup;
			children = (
				1F1EC0DA1339F983007B5A96 /* iPhoneTestAppTests-Info.plist */,
				1F1EC0DB1339F983007B5A96 /* InfoPlist.strings */,
				1F1EC0DE1339F983007B5A96 /* iPhoneTestAppTests-Prefix.pch */,
			);
			name = "Supporting Files";
			sourceTree = "<group>";
		};
/* End PBXGroup section */

/* Begin PBXNativeTarget section */
		1F1EC0B31339F983007B5A96 /* iPhoneTestApp */ = {
			isa = PBXNativeTarget;
			buildConfigurationList = 1F1EC0E51339F983007B5A96 /* Build configuration list for PBXNativeTarget "iPhoneTestApp" */;
			buildPhases = (
				1F1EC0B01339F983007B5A96 /* Sources */,
				1F1EC0B11339F983007B5A96 /* Frameworks */,
				1F1EC0B21339F983007B5A96 /* Resources */,
			);
			buildRules = (
			);
			dependencies = (
			);
			name = iPhoneTestApp;
			productName = iPhoneTestApp;
			productReference = 1F1EC0B41339F983007B5A96 /* iPhoneTestApp.app */;
			productType = "com.apple.product-type.application";
		};
		1F1EC0D11339F983007B5A96 /* iPhoneTestAppTests */ = {
			isa = PBXNativeTarget;
			buildConfigurationList = 1F1EC0E81339F983007B5A96 /* Build configuration list for PBXNativeTarget "iPhoneTestAppTests" */;
			buildPhases = (
				1F1EC0CD1339F983007B5A96 /* Sources */,
				1F1EC0CE1339F983007B5A96 /* Frameworks */,
				1F1EC0CF1339F983007B5A96 /* Resources */,
				1F1EC0D01339F983007B5A96 /* ShellScript */,
			);
			buildRules = (
			);
			dependencies = (
				1F1EC0D71339F983007B5A96 /* PBXTargetDependency */,
			);
			name = iPhoneTestAppTests;
			productName = iPhoneTestAppTests;
			productReference = 1F1EC0D21339F983007B5A96 /* iPhoneTestAppTests.octest */;
			productType = "com.apple.product-type.bundle";
		};
/* End PBXNativeTarget section */

/* Begin PBXProject section */
		1F1EC0AB1339F982007B5A96 /* Project object */ = {
			isa = PBXProject;
			buildConfigurationList = 1F1EC0AE1339F982007B5A96 /* Build configuration list for PBXProject "iPhoneTestApp" */;
			compatibilityVersion = "Xcode 3.2";
			developmentRegion = English;
			hasScannedForEncodings = 0;
			knownRegions = (
				en,
			);
			mainGroup = 1F1EC0A91339F982007B5A96;
			productRefGroup = 1F1EC0B51339F983007B5A96 /* Products */;
			projectDirPath = "";
			projectRoot = "";
			targets = (
				1F1EC0B31339F983007B5A96 /* iPhoneTestApp */,
				1F1EC0D11339F983007B5A96 /* iPhoneTestAppTests */,
			);
		};
/* End PBXProject section */

/* Begin PBXResourcesBuildPhase section */
		1F1EC0B21339F983007B5A96 /* Resources */ = {
			isa = PBXResourcesBuildPhase;
			buildActionMask = 2147483647;
			files = (
				1F1EC0C31339F983007B5A96 /* InfoPlist.strings in Resources */,
				1F1EC0CC1339F983007B5A96 /* MainWindow.xib in Resources */,
			);
			runOnlyForDeploymentPostprocessing = 0;
		};
		1F1EC0CF1339F983007B5A96 /* Resources */ = {
			isa = PBXResourcesBuildPhase;
			buildActionMask = 2147483647;
			files = (
				1F1EC0DD1339F983007B5A96 /* InfoPlist.strings in Resources */,
				1F1EC0E01339F983007B5A96 /* iPhoneTestAppTests.h in Resources */,
			);
			runOnlyForDeploymentPostprocessing = 0;
		};
/* End PBXResourcesBuildPhase section */

/* Begin PBXShellScriptBuildPhase section */
		1F1EC0D01339F983007B5A96 /* ShellScript */ = {
			isa = PBXShellScriptBuildPhase;
			buildActionMask = 2147483647;
			files = (
			);
			inputPaths = (
			);
			outputPaths = (
			);
			runOnlyForDeploymentPostprocessing = 0;
			shellPath = /bin/sh;
			shellScript = "# Run the unit tests in this test bundle.\n\"${SYSTEM_DEVELOPER_DIR}/Tools/RunUnitTests\"\n";
		};
/* End PBXShellScriptBuildPhase section */

/* Begin PBXSourcesBuildPhase section */
		1F1EC0B01339F983007B5A96 /* Sources */ = {
			isa = PBXSourcesBuildPhase;
			buildActionMask = 2147483647;
			files = (
				1F1EC0C61339F983007B5A96 /* main.m in Sources */,
				1F1EC0C91339F983007B5A96 /* iPhoneTestAppAppDelegate.m in Sources */,
			);
			runOnlyForDeploymentPostprocessing = 0;
		};
		1F1EC0CD1339F983007B5A96 /* Sources */ = {
			isa = PBXSourcesBuildPhase;
			buildActionMask = 2147483647;
			files = (
				1F1EC0E21339F983007B5A96 /* iPhoneTestAppTests.m in Sources */,
			);
			runOnlyForDeploymentPostprocessing = 0;
		};
/* End PBXSourcesBuildPhase section */

/* Begin PBXTargetDependency section */
		1F1EC0D71339F983007B5A96 /* PBXTargetDependency */ = {
			isa = PBXTargetDependency;
			target = 1F1EC0B31339F983007B5A96 /* iPhoneTestApp */;
			targetProxy = 1F1EC0D61339F983007B5A96 /* PBXContainerItemProxy */;
		};
/* End PBXTargetDependency section */

/* Begin PBXVariantGroup section */
		1F1EC0C11339F983007B5A96 /* InfoPlist.strings */ = {
			isa = PBXVariantGroup;
			children = (
				1F1EC0C21339F983007B5A96 /* en */,
			);
			name = InfoPlist.strings;
			sourceTree = "<group>";
		};
		1F1EC0CA1339F983007B5A96 /* MainWindow.xib */ = {
			isa = PBXVariantGroup;
			children = (
				1F1EC0CB1339F983007B5A96 /* en */,
			);
			name = MainWindow.xib;
			sourceTree = "<group>";
		};
		1F1EC0DB1339F983007B5A96 /* InfoPlist.strings */ = {
			isa = PBXVariantGroup;
			children = (
				1F1EC0DC1339F983007B5A96 /* en */,
			);
			name = InfoPlist.strings;
			sourceTree = "<group>";
		};
/* End PBXVariantGroup section */

/* Begin XCBuildConfiguration section */
		1F1EC0E31339F983007B5A96 /* Debug */ = {
			isa = XCBuildConfiguration;
			buildSettings = {
				ARCHS = "$(ARCHS_UNIVERSAL_IPHONE_OS)";
				"CODE_SIGN_IDENTITY[sdk=iphoneos*]" = "iPhone Developer";
				GCC_C_LANGUAGE_STANDARD = gnu99;
				GCC_OPTIMIZATION_LEVEL = 0;
				GCC_PREPROCESSOR_DEFINITIONS = DEBUG;
				GCC_SYMBOLS_PRIVATE_EXTERN = NO;
				GCC_VERSION = com.apple.compilers.llvmgcc42;
				GCC_WARN_ABOUT_RETURN_TYPE = YES;
				GCC_WARN_UNUSED_VARIABLE = YES;
				IPHONEOS_DEPLOYMENT_TARGET = 4.3;
				SDKROOT = iphoneos;
				TARGETED_DEVICE_FAMILY = 2;
			};
			name = Debug;
		};
		1F1EC0E41339F983007B5A96 /* Release */ = {
			isa = XCBuildConfiguration;
			buildSettings = {
				ARCHS = "$(ARCHS_UNIVERSAL_IPHONE_OS)";
				"CODE_SIGN_IDENTITY[sdk=iphoneos*]" = "iPhone Developer";
				GCC_C_LANGUAGE_STANDARD = gnu99;
				GCC_VERSION = com.apple.compilers.llvmgcc42;
				GCC_WARN_ABOUT_RETURN_TYPE = YES;
				GCC_WARN_UNUSED_VARIABLE = YES;
				IPHONEOS_DEPLOYMENT_TARGET = 4.3;
				OTHER_CFLAGS = "-DNS_BLOCK_ASSERTIONS=1";
				SDKROOT = iphoneos;
				TARGETED_DEVICE_FAMILY = 2;
			};
			name = Release;
		};
		1F1EC0E61339F983007B5A96 /* Debug */ = {
			isa = XCBuildConfiguration;
			buildSettings = {
				ALWAYS_SEARCH_USER_PATHS = NO;
				COPY_PHASE_STRIP = NO;
				GCC_DYNAMIC_NO_PIC = NO;
				GCC_PRECOMPILE_PREFIX_HEADER = YES;
				GCC_PREFIX_HEADER = "iPhoneTestApp/iPhoneTestApp-Prefix.pch";
				INFOPLIST_FILE = "iPhoneTestApp/iPhoneTestApp-Info.plist";
				PRODUCT_NAME = "$(TARGET_NAME)";
				TARGETED_DEVICE_FAMILY = 1;
				WRAPPER_EXTENSION = app;
			};
			name = Debug;
		};
		1F1EC0E71339F983007B5A96 /* Release */ = {
			isa = XCBuildConfiguration;
			buildSettings = {
				ALWAYS_SEARCH_USER_PATHS = NO;
				COPY_PHASE_STRIP = YES;
				GCC_PRECOMPILE_PREFIX_HEADER = YES;
				GCC_PREFIX_HEADER = "iPhoneTestApp/iPhoneTestApp-Prefix.pch";
				INFOPLIST_FILE = "iPhoneTestApp/iPhoneTestApp-Info.plist";
				PRODUCT_NAME = "$(TARGET_NAME)";
				TARGETED_DEVICE_FAMILY = 1;
				VALIDATE_PRODUCT = YES;
				WRAPPER_EXTENSION = app;
			};
			name = Release;
		};
		1F1EC0E91339F983007B5A96 /* Debug */ = {
			isa = XCBuildConfiguration;
			buildSettings = {
				ALWAYS_SEARCH_USER_PATHS = NO;
				ARCHS = "$(ARCHS_STANDARD_32_BIT)";
				BUNDLE_LOADER = "$(BUILT_PRODUCTS_DIR)/iPhoneTestApp.app/iPhoneTestApp";
				FRAMEWORK_SEARCH_PATHS = (
					"$(SDKROOT)/Developer/Library/Frameworks",
					"$(DEVELOPER_LIBRARY_DIR)/Frameworks",
				);
				GCC_PRECOMPILE_PREFIX_HEADER = YES;
				GCC_PREFIX_HEADER = "iPhoneTestAppTests/iPhoneTestAppTests-Prefix.pch";
				INFOPLIST_FILE = "iPhoneTestAppTests/iPhoneTestAppTests-Info.plist";
				OTHER_LDFLAGS = (
					"-framework",
					SenTestingKit,
				);
				PRODUCT_NAME = "$(TARGET_NAME)";
				TEST_HOST = "$(BUNDLE_LOADER)";
				WRAPPER_EXTENSION = octest;
			};
			name = Debug;
		};
		1F1EC0EA1339F983007B5A96 /* Release */ = {
			isa = XCBuildConfiguration;
			buildSettings = {
				ALWAYS_SEARCH_USER_PATHS = NO;
				ARCHS = "$(ARCHS_STANDARD_32_BIT)";
				BUNDLE_LOADER = "$(BUILT_PRODUCTS_DIR)/iPhoneTestApp.app/iPhoneTestApp";
				FRAMEWORK_SEARCH_PATHS = (
					"$(SDKROOT)/Developer/Library/Frameworks",
					"$(DEVELOPER_LIBRARY_DIR)/Frameworks",
				);
				GCC_PRECOMPILE_PREFIX_HEADER = YES;
				GCC_PREFIX_HEADER = "iPhoneTestAppTests/iPhoneTestAppTests-Prefix.pch";
				INFOPLIST_FILE = "iPhoneTestAppTests/iPhoneTestAppTests-Info.plist";
				OTHER_LDFLAGS = (
					"-framework",
					SenTestingKit,
				);
				PRODUCT_NAME = "$(TARGET_NAME)";
				TEST_HOST = "$(BUNDLE_LOADER)";
				WRAPPER_EXTENSION = octest;
			};
			name = Release;
		};
/* End XCBuildConfiguration section */

/* Begin XCConfigurationList section */
		1F1EC0AE1339F982007B5A96 /* Build configuration list for PBXProject "iPhoneTestApp" */ = {
			isa = XCConfigurationList;
			buildConfigurations = (
				1F1EC0E31339F983007B5A96 /* Debug */,
				1F1EC0E41339F983007B5A96 /* Release */,
			);
			defaultConfigurationIsVisible = 0;
			defaultConfigurationName = Release;
		};
		1F1EC0E51339F983007B5A96 /* Build configuration list for PBXNativeTarget "iPhoneTestApp" */ = {
			isa = XCConfigurationList;
			buildConfigurations = (
				1F1EC0E61339F983007B5A96 /* Debug */,
				1F1EC0E71339F983007B5A96 /* Release */,
			);
			defaultConfigurationIsVisible = 0;
		};
		1F1EC0E81339F983007B5A96 /* Build configuration list for PBXNativeTarget "iPhoneTestAppTests" */ = {
			isa = XCConfigurationList;
			buildConfigurations = (
				1F1EC0E91339F983007B5A96 /* Debug */,
				1F1EC0EA1339F983007B5A96 /* Release */,
			);
			defaultConfigurationIsVisible = 0;
		};
/* End XCConfigurationList section */
	};
	rootObject = 1F1EC0AB1339F982007B5A96 /* Project object */;
}
